// !$*UTF8*$!
{
	archiveVersion = 1;
	classes = {
	};
	objectVersion = 70;
	objects = {

/* Begin PBXBuildFile section */
		26B0954B2C091C770097324A /* ThumbnailView.swift in Sources */ = {isa = PBXBuildFile; fileRef = 26B0954A2C091C770097324A /* ThumbnailView.swift */; };
		F974D11A2BE0484500EFACBA /* ObjectCaptureReconstructionApp.swift in Sources */ = {isa = PBXBuildFile; fileRef = F974D1192BE0484500EFACBA /* ObjectCaptureReconstructionApp.swift */; };
		F974D11C2BE0484500EFACBA /* ContentView.swift in Sources */ = {isa = PBXBuildFile; fileRef = F974D11B2BE0484500EFACBA /* ContentView.swift */; };
		F974D11E2BE0484700EFACBA /* Assets.xcassets in Resources */ = {isa = PBXBuildFile; fileRef = F974D11D2BE0484700EFACBA /* Assets.xcassets */; };
		F974D56A2BE1BCB600EFACBA /* AppDataModel.swift in Sources */ = {isa = PBXBuildFile; fileRef = F974D5692BE1BCB600EFACBA /* AppDataModel.swift */; };
		F9D806832BFE6EA1005A4B94 /* ImageHelper.swift in Sources */ = {isa = PBXBuildFile; fileRef = F9D806822BFE6EA1005A4B94 /* ImageHelper.swift */; };
		4A09793D6E37710A3E5C6A9E /* CodableSessionConfiguration.swift in Sources */ = {isa = PBXBuildFile; fileRef = 5A00FFF0EB8B4E921061918F /* CodableSessionConfiguration.swift */; };
		4FEA8298C11A586715309B27 /* ReconstructionJob.swift in Sources */ = {isa = PBXBuildFile; fileRef = AFC5AB62125CB98EAA9DF3F6 /* ReconstructionJob.swift */; };
		5BB43283ED23CAD514525CCE /* ScheduleConfig.swift in Sources */ = {isa = PBXBuildFile; fileRef = 958B6CDE5F744C8A9E27719D /* ScheduleConfig.swift */; };
		0DA909603009039BB1FEB542 /* JobDraft.swift in Sources */ = {isa = PBXBuildFile; fileRef = E3A4F851B39B9C4EA08E7C13 /* JobDraft.swift */; };
		4A45C797C462E066F321F944 /* JobScheduler.swift in Sources */ = {isa = PBXBuildFile; fileRef = A5722048B055E10C8C4635BA /* JobScheduler.swift */; };
		8EDA871038ABBECE6E11AF17 /* JobStore.swift in Sources */ = {isa = PBXBuildFile; fileRef = B0C4F782DCEACB71739E8182 /* JobStore.swift */; };
		05E9773251F45705785EB1EC /* QueueDashboardView.swift in Sources */ = {isa = PBXBuildFile; fileRef = B18D78DD28112179ED6A17EA /* QueueDashboardView.swift */; };
		665189C5915C218406A40D61 /* JobRowView.swift in Sources */ = {isa = PBXBuildFile; fileRef = BCE344691F76FD3CE82E7FCF /* JobRowView.swift */; };
		DC9509AE8DE723BBD01EC86D /* JobSetupView.swift in Sources */ = {isa = PBXBuildFile; fileRef = 33550E6E2F6D8F14E9A9C282 /* JobSetupView.swift */; };
		5B7275D8B81A2AA37B5D76A1 /* ScheduleSettingsView.swift in Sources */ = {isa = PBXBuildFile; fileRef = 37404910B7FC7310289216C7 /* ScheduleSettingsView.swift */; };
		CC0001CC0001CC01 /* COLMAPManager.swift in Sources */ = {isa = PBXBuildFile; fileRef = AA0001AA0001AA01 /* COLMAPManager.swift */; };
		CC0001CC0001CC02 /* COLMAPRunner.swift in Sources */ = {isa = PBXBuildFile; fileRef = AA0001AA0001AA02 /* COLMAPRunner.swift */; };
		CC0001CC0001CC03 /* COLMAPBinaryExporter.swift in Sources */ = {isa = PBXBuildFile; fileRef = AA0001AA0001AA03 /* COLMAPBinaryExporter.swift */; };
		CC0001CC0001CC04 /* COLMAPBinaryParser.swift in Sources */ = {isa = PBXBuildFile; fileRef = AA0001AA0001AA04 /* COLMAPBinaryParser.swift */; };
		CC0001CC0001CC05 /* SfMConfiguration.swift in Sources */ = {isa = PBXBuildFile; fileRef = AA0001AA0001AA05 /* SfMConfiguration.swift */; };
		CC0001CC0001CC06 /* SfMResult.swift in Sources */ = {isa = PBXBuildFile; fileRef = AA0001AA0001AA06 /* SfMResult.swift */; };
		CC0001CC0001CC07 /* SfMJob.swift in Sources */ = {isa = PBXBuildFile; fileRef = AA0001AA0001AA07 /* SfMJob.swift */; };
		CC0001CC0001CC08 /* SfMProgressTracker.swift in Sources */ = {isa = PBXBuildFile; fileRef = AA0001AA0001AA08 /* SfMProgressTracker.swift */; };
		CC0001CC0001CC09 /* SfMJobSetupView.swift in Sources */ = {isa = PBXBuildFile; fileRef = BB0001BB0001BB01 /* SfMJobSetupView.swift */; };
		CC0001CC0001CC10 /* SfMJobRowView.swift in Sources */ = {isa = PBXBuildFile; fileRef = BB0001BB0001BB02 /* SfMJobRowView.swift */; };
		CC0001CC0001CC11 /* COLMAPStatusView.swift in Sources */ = {isa = PBXBuildFile; fileRef = BB0001BB0001BB03 /* COLMAPStatusView.swift */; };
/* End PBXBuildFile section */

/* Begin PBXFileReference section */
		26B095462C091BC80097324A /* TopBarView.swift */ = {isa = PBXFileReference; lastKnownFileType = sourcecode.swift; path = TopBarView.swift; sourceTree = "<group>"; };
		26B095482C091BEA0097324A /* BottomBarView.swift */ = {isa = PBXFileReference; lastKnownFileType = sourcecode.swift; path = BottomBarView.swift; sourceTree = "<group>"; };
		26B0954A2C091C770097324A /* ThumbnailView.swift */ = {isa = PBXFileReference; lastKnownFileType = sourcecode.swift; path = ThumbnailView.swift; sourceTree = "<group>"; };
		3C5F7AF546F9B84B57A6DCB2 /* LICENSE.txt */ = {isa = PBXFileReference; includeInIndex = 1; lastKnownFileType = text; path = LICENSE.txt; sourceTree = "<group>"; };
		79ACD3BEE87FD0408B1A71F5 /* SampleCode.xcconfig */ = {isa = PBXFileReference; lastKnownFileType = text.xcconfig; name = SampleCode.xcconfig; path = Configuration/SampleCode.xcconfig; sourceTree = "<group>"; };
		971147DC9E6FE3FF0398B220 /* README.md */ = {isa = PBXFileReference; lastKnownFileType = net.daringfireball.markdown; path = README.md; sourceTree = "<group>"; };
		F974D1162BE0484500EFACBA /* Reality Pulse.app */ = {isa = PBXFileReference; explicitFileType = wrapper.application; includeInIndex = 0; path = "Reality Pulse.app"; sourceTree = BUILT_PRODUCTS_DIR; };
		F974D1192BE0484500EFACBA /* ObjectCaptureReconstructionApp.swift */ = {isa = PBXFileReference; lastKnownFileType = sourcecode.swift; path = ObjectCaptureReconstructionApp.swift; sourceTree = "<group>"; };
		F974D11B2BE0484500EFACBA /* ContentView.swift */ = {isa = PBXFileReference; lastKnownFileType = sourcecode.swift; path = ContentView.swift; sourceTree = "<group>"; };
		F974D11D2BE0484700EFACBA /* Assets.xcassets */ = {isa = PBXFileReference; lastKnownFileType = folder.assetcatalog; path = Assets.xcassets; sourceTree = "<group>"; };
		F974D5692BE1BCB600EFACBA /* AppDataModel.swift */ = {isa = PBXFileReference; lastKnownFileType = sourcecode.swift; path = AppDataModel.swift; sourceTree = "<group>"; };
		F974D56B2BE1CF0600EFACBA /* ProcessingView.swift */ = {isa = PBXFileReference; lastKnownFileType = sourcecode.swift; path = ProcessingView.swift; sourceTree = "<group>"; };
		F99368C22BE3118600DAA789 /* ModelView.swift */ = {isa = PBXFileReference; lastKnownFileType = sourcecode.swift; path = ModelView.swift; sourceTree = "<group>"; };
		F9D806822BFE6EA1005A4B94 /* ImageHelper.swift */ = {isa = PBXFileReference; lastKnownFileType = sourcecode.swift; path = ImageHelper.swift; sourceTree = "<group>"; };
		F9F1BEDA2C6433340066F3D3 /* ReconstructionProgressView.swift */ = {isa = PBXFileReference; lastKnownFileType = sourcecode.swift; path = ReconstructionProgressView.swift; sourceTree = "<group>"; };
		F9F1BEDB2C6433340066F3D3 /* ReprocessView.swift */ = {isa = PBXFileReference; lastKnownFileType = sourcecode.swift; path = ReprocessView.swift; sourceTree = "<group>"; };
		5A00FFF0EB8B4E921061918F /* CodableSessionConfiguration.swift */ = {isa = PBXFileReference; lastKnownFileType = sourcecode.swift; path = CodableSessionConfiguration.swift; sourceTree = "<group>"; };
		AFC5AB62125CB98EAA9DF3F6 /* ReconstructionJob.swift */ = {isa = PBXFileReference; lastKnownFileType = sourcecode.swift; path = ReconstructionJob.swift; sourceTree = "<group>"; };
		958B6CDE5F744C8A9E27719D /* ScheduleConfig.swift */ = {isa = PBXFileReference; lastKnownFileType = sourcecode.swift; path = ScheduleConfig.swift; sourceTree = "<group>"; };
		E3A4F851B39B9C4EA08E7C13 /* JobDraft.swift */ = {isa = PBXFileReference; lastKnownFileType = sourcecode.swift; path = JobDraft.swift; sourceTree = "<group>"; };
		A5722048B055E10C8C4635BA /* JobScheduler.swift */ = {isa = PBXFileReference; lastKnownFileType = sourcecode.swift; path = JobScheduler.swift; sourceTree = "<group>"; };
		B0C4F782DCEACB71739E8182 /* JobStore.swift */ = {isa = PBXFileReference; lastKnownFileType = sourcecode.swift; path = JobStore.swift; sourceTree = "<group>"; };
		B18D78DD28112179ED6A17EA /* QueueDashboardView.swift */ = {isa = PBXFileReference; lastKnownFileType = sourcecode.swift; path = QueueDashboardView.swift; sourceTree = "<group>"; };
		BCE344691F76FD3CE82E7FCF /* JobRowView.swift */ = {isa = PBXFileReference; lastKnownFileType = sourcecode.swift; path = JobRowView.swift; sourceTree = "<group>"; };
		33550E6E2F6D8F14E9A9C282 /* JobSetupView.swift */ = {isa = PBXFileReference; lastKnownFileType = sourcecode.swift; path = JobSetupView.swift; sourceTree = "<group>"; };
		37404910B7FC7310289216C7 /* ScheduleSettingsView.swift */ = {isa = PBXFileReference; lastKnownFileType = sourcecode.swift; path = ScheduleSettingsView.swift; sourceTree = "<group>"; };
		AA0001AA0001AA01 /* COLMAPManager.swift */ = {isa = PBXFileReference; lastKnownFileType = sourcecode.swift; path = COLMAPManager.swift; sourceTree = "<group>"; };
		AA0001AA0001AA02 /* COLMAPRunner.swift */ = {isa = PBXFileReference; lastKnownFileType = sourcecode.swift; path = COLMAPRunner.swift; sourceTree = "<group>"; };
		AA0001AA0001AA03 /* COLMAPBinaryExporter.swift */ = {isa = PBXFileReference; lastKnownFileType = sourcecode.swift; path = COLMAPBinaryExporter.swift; sourceTree = "<group>"; };
		AA0001AA0001AA04 /* COLMAPBinaryParser.swift */ = {isa = PBXFileReference; lastKnownFileType = sourcecode.swift; path = COLMAPBinaryParser.swift; sourceTree = "<group>"; };
		AA0001AA0001AA05 /* SfMConfiguration.swift */ = {isa = PBXFileReference; lastKnownFileType = sourcecode.swift; path = SfMConfiguration.swift; sourceTree = "<group>"; };
		AA0001AA0001AA06 /* SfMResult.swift */ = {isa = PBXFileReference; lastKnownFileType = sourcecode.swift; path = SfMResult.swift; sourceTree = "<group>"; };
		AA0001AA0001AA07 /* SfMJob.swift */ = {isa = PBXFileReference; lastKnownFileType = sourcecode.swift; path = SfMJob.swift; sourceTree = "<group>"; };
		AA0001AA0001AA08 /* SfMProgressTracker.swift */ = {isa = PBXFileReference; lastKnownFileType = sourcecode.swift; path = SfMProgressTracker.swift; sourceTree = "<group>"; };
		BB0001BB0001BB01 /* SfMJobSetupView.swift */ = {isa = PBXFileReference; lastKnownFileType = sourcecode.swift; path = SfMJobSetupView.swift; sourceTree = "<group>"; };
		BB0001BB0001BB02 /* SfMJobRowView.swift */ = {isa = PBXFileReference; lastKnownFileType = sourcecode.swift; path = SfMJobRowView.swift; sourceTree = "<group>"; };
		BB0001BB0001BB03 /* COLMAPStatusView.swift */ = {isa = PBXFileReference; lastKnownFileType = sourcecode.swift; path = COLMAPStatusView.swift; sourceTree = "<group>"; };
/* End PBXFileReference section */

/* Begin PBXFileSystemSynchronizedBuildFileExceptionSet section */
		26B095222C091B740097324A /* PBXFileSystemSynchronizedBuildFileExceptionSet */ = {
			isa = PBXFileSystemSynchronizedBuildFileExceptionSet;
			membershipExceptions = (
				AdvancedReconstructionOptions/PolygonCountView.swift,
				AdvancedReconstructionOptions/TextureFormatView.swift,
				AdvancedReconstructionOptions/TextureMapsView.swift,
				AdvancedReconstructionOptions/TextureResolutionView.swift,
				FolderOptions/FolderOptionsView.swift,
				FolderOptions/ImageFolderSelectionView.swift,
				FolderOptions/ImageFolderThumbnailView.swift,
				FolderOptions/ImageFolderView.swift,
				FolderOptions/ImageMetadataView.swift,
				FolderOptions/ModelFolderView.swift,
				FolderOptions/ModelNameField.swift,
				ProcessButton/ProcessButton.swift,
				ReconstructionOptions/IgnoreBoundingBoxView.swift,
				ReconstructionOptions/MaskingView.swift,
				ReconstructionOptions/MeshTypeView.swift,
				ReconstructionOptions/MultiModelOutputView.swift,
				ReconstructionOptions/OutputPreviewView.swift,
				ReconstructionOptions/QualityView.swift,
				ReconstructionOptions/ReconstructionOptionsView.swift,
				SettingsView.swift,
				SfMOptions/SfMOptionsView.swift,
			);
			target = F974D1152BE0484500EFACBA /* ObjectCaptureReconstruction */;
		};
/* End PBXFileSystemSynchronizedBuildFileExceptionSet section */

/* Begin PBXFileSystemSynchronizedRootGroup section */
		26B095212C091B740097324A /* Settings */ = {isa = PBXFileSystemSynchronizedRootGroup; exceptions = (26B095222C091B740097324A /* PBXFileSystemSynchronizedBuildFileExceptionSet */, ); explicitFileTypes = {}; explicitFolders = (); path = Settings; sourceTree = "<group>"; };
/* End PBXFileSystemSynchronizedRootGroup section */

/* Begin PBXFrameworksBuildPhase section */
		F974D1132BE0484500EFACBA /* Frameworks */ = {
			isa = PBXFrameworksBuildPhase;
			buildActionMask = 2147483647;
			files = (
			);
			runOnlyForDeploymentPostprocessing = 0;
		};
/* End PBXFrameworksBuildPhase section */

/* Begin PBXGroup section */
		26B095232C091B810097324A /* Processing */ = {
			isa = PBXGroup;
			children = (
				F9F1BEDA2C6433340066F3D3 /* ReconstructionProgressView.swift */,
				F9F1BEDB2C6433340066F3D3 /* ReprocessView.swift */,
				F974D56B2BE1CF0600EFACBA /* ProcessingView.swift */,
				F99368C22BE3118600DAA789 /* ModelView.swift */,
				26B095462C091BC80097324A /* TopBarView.swift */,
				26B095482C091BEA0097324A /* BottomBarView.swift */,
			);
			path = Processing;
			sourceTree = "<group>";
		};
		BD87F13DD4B2159CCB69FFA2 /* Configuration */ = {
			isa = PBXGroup;
			children = (
				79ACD3BEE87FD0408B1A71F5 /* SampleCode.xcconfig */,
			);
			name = Configuration;
			sourceTree = "<group>";
		};
		F974D10D2BE0484500EFACBA = {
			isa = PBXGroup;
			children = (
				971147DC9E6FE3FF0398B220 /* README.md */,
				F974D1182BE0484500EFACBA /* ObjectCaptureReconstruction */,
				F974D1172BE0484500EFACBA /* Products */,
				BD87F13DD4B2159CCB69FFA2 /* Configuration */,
				FE08FBE5E15C9B39D4421FC8 /* LICENSE */,
			);
			sourceTree = "<group>";
		};
		F974D1172BE0484500EFACBA /* Products */ = {
			isa = PBXGroup;
			children = (
				F974D1162BE0484500EFACBA /* Reality Pulse.app */,
			);
			name = Products;
			sourceTree = "<group>";
		};
		F974D1182BE0484500EFACBA /* ObjectCaptureReconstruction */ = {
			isa = PBXGroup;
			children = (
				F974D1192BE0484500EFACBA /* ObjectCaptureReconstructionApp.swift */,
				F974D11B2BE0484500EFACBA /* ContentView.swift */,
				F974D5692BE1BCB600EFACBA /* AppDataModel.swift */,
				F9D806822BFE6EA1005A4B94 /* ImageHelper.swift */,
				26B0954A2C091C770097324A /* ThumbnailView.swift */,
				26B095232C091B810097324A /* Processing */,
				26B095212C091B740097324A /* Settings */,
				AAC7DC5DCD23638D271D3093 /* Models */,
				992CB303C65294FA4C0E9608 /* Scheduler */,
				195BAF6352F89DD77AFC2745 /* Store */,
				E195DA07BD54DDE970F27E56 /* Queue */,
				DD0001DD0001DD01 /* SfM */,
				F974D11D2BE0484700EFACBA /* Assets.xcassets */,
			);
			path = ObjectCaptureReconstruction;
			sourceTree = "<group>";
		};
		FE08FBE5E15C9B39D4421FC8 /* LICENSE */ = {
			isa = PBXGroup;
			children = (
				3C5F7AF546F9B84B57A6DCB2 /* LICENSE.txt */,
			);
			name = LICENSE;
			path = .;
			sourceTree = "<group>";
		};
		AAC7DC5DCD23638D271D3093 /* Models */ = {
			isa = PBXGroup;
			children = (
				5A00FFF0EB8B4E921061918F /* */,
				AFC5AB62125CB98EAA9DF3F6 /* */,
				958B6CDE5F744C8A9E27719D /* */,
				E3A4F851B39B9C4EA08E7C13 /* */,
			);
			path = Models;
			sourceTree = "<group>";
		};
		992CB303C65294FA4C0E9608 /* Scheduler */ = {
			isa = PBXGroup;
			children = (
				A5722048B055E10C8C4635BA /* */,
			);
			path = Scheduler;
			sourceTree = "<group>";
		};
		195BAF6352F89DD77AFC2745 /* Store */ = {
			isa = PBXGroup;
			children = (
				B0C4F782DCEACB71739E8182 /* */,
			);
			path = Store;
			sourceTree = "<group>";
		};
		E195DA07BD54DDE970F27E56 /* Queue */ = {
			isa = PBXGroup;
			children = (
				B18D78DD28112179ED6A17EA /* */,
				BCE344691F76FD3CE82E7FCF /* */,
				33550E6E2F6D8F14E9A9C282 /* */,
				37404910B7FC7310289216C7 /* */,
				BB0001BB0001BB01 /* SfMJobSetupView.swift */,
				BB0001BB0001BB02 /* SfMJobRowView.swift */,
				BB0001BB0001BB03 /* COLMAPStatusView.swift */,
			);
			path = Queue;
			sourceTree = "<group>";
		};
		DD0001DD0001DD01 /* SfM */ = {
			isa = PBXGroup;
			children = (
				AA0001AA0001AA01 /* COLMAPManager.swift */,
				AA0001AA0001AA02 /* COLMAPRunner.swift */,
				AA0001AA0001AA03 /* COLMAPBinaryExporter.swift */,
				AA0001AA0001AA04 /* COLMAPBinaryParser.swift */,
				AA0001AA0001AA05 /* SfMConfiguration.swift */,
				AA0001AA0001AA06 /* SfMResult.swift */,
				AA0001AA0001AA07 /* SfMJob.swift */,
				AA0001AA0001AA08 /* SfMProgressTracker.swift */,
			);
			path = SfM;
			sourceTree = "<group>";
		};
/* End PBXGroup section */

/* Begin PBXNativeTarget section */
		F974D1152BE0484500EFACBA /* ObjectCaptureReconstruction */ = {
			isa = PBXNativeTarget;
			buildConfigurationList = F974D1242BE0484700EFACBA /* Build configuration list for PBXNativeTarget "ObjectCaptureReconstruction" */;
			buildPhases = (
				F974D1122BE0484500EFACBA /* Sources */,
				F974D1132BE0484500EFACBA /* Frameworks */,
				F974D1142BE0484500EFACBA /* Resources */,
			);
			buildRules = (
			);
			dependencies = (
			);
			name = ObjectCaptureReconstruction;
			productName = ObjectCaptureReconstruction;
			productReference = F974D1162BE0484500EFACBA /* Reality Pulse.app */;
			productType = "com.apple.product-type.application";
		};
/* End PBXNativeTarget section */

/* Begin PBXProject section */
		F974D10E2BE0484500EFACBA /* Project object */ = {
			isa = PBXProject;
			attributes = {
				BuildIndependentTargetsInParallel = 1;
				LastSwiftUpdateCheck = 1600;
				LastUpgradeCheck = 1600;
				ORGANIZATIONNAME = Apple;
				TargetAttributes = {
					F974D1152BE0484500EFACBA = {
						CreatedOnToolsVersion = 16.0;
					};
				};
			};
			buildConfigurationList = F974D1112BE0484500EFACBA /* Build configuration list for PBXProject "ObjectCaptureReconstruction" */;
			compatibilityVersion = "Xcode 14.0";
			developmentRegion = en;
			hasScannedForEncodings = 0;
			knownRegions = (
				en,
				Base,
			);
			mainGroup = F974D10D2BE0484500EFACBA;
			productRefGroup = F974D1172BE0484500EFACBA /* Products */;
			projectDirPath = "";
			projectRoot = "";
			targets = (
				F974D1152BE0484500EFACBA /* ObjectCaptureReconstruction */,
			);
		};
/* End PBXProject section */

/* Begin PBXResourcesBuildPhase section */
		F974D1142BE0484500EFACBA /* Resources */ = {
			isa = PBXResourcesBuildPhase;
			buildActionMask = 2147483647;
			files = (
				F974D11E2BE0484700EFACBA /* Assets.xcassets in Resources */,
			);
			runOnlyForDeploymentPostprocessing = 0;
		};
/* End PBXResourcesBuildPhase section */

/* Begin PBXSourcesBuildPhase section */
		F974D1122BE0484500EFACBA /* Sources */ = {
			isa = PBXSourcesBuildPhase;
			buildActionMask = 2147483647;
			files = (
				F9D806832BFE6EA1005A4B94 /* ImageHelper.swift in Sources */,
				F974D11C2BE0484500EFACBA /* ContentView.swift in Sources */,
				F974D56A2BE1BCB600EFACBA /* AppDataModel.swift in Sources */,
				26B0954B2C091C770097324A /* ThumbnailView.swift in Sources */,
				F974D11A2BE0484500EFACBA /* ObjectCaptureReconstructionApp.swift in Sources */,
				4A09793D6E37710A3E5C6A9E /* CodableSessionConfiguration.swift in Sources */,
				4FEA8298C11A586715309B27 /* ReconstructionJob.swift in Sources */,
				5BB43283ED23CAD514525CCE /* ScheduleConfig.swift in Sources */,
				0DA909603009039BB1FEB542 /* JobDraft.swift in Sources */,
				4A45C797C462E066F321F944 /* JobScheduler.swift in Sources */,
				8EDA871038ABBECE6E11AF17 /* JobStore.swift in Sources */,
				05E9773251F45705785EB1EC /* QueueDashboardView.swift in Sources */,
				665189C5915C218406A40D61 /* JobRowView.swift in Sources */,
				DC9509AE8DE723BBD01EC86D /* JobSetupView.swift in Sources */,
				5B7275D8B81A2AA37B5D76A1 /* ScheduleSettingsView.swift in Sources */,
				CC0001CC0001CC01 /* COLMAPManager.swift in Sources */,
				CC0001CC0001CC02 /* COLMAPRunner.swift in Sources */,
				CC0001CC0001CC03 /* COLMAPBinaryExporter.swift in Sources */,
				CC0001CC0001CC04 /* COLMAPBinaryParser.swift in Sources */,
				CC0001CC0001CC05 /* SfMConfiguration.swift in Sources */,
				CC0001CC0001CC06 /* SfMResult.swift in Sources */,
				CC0001CC0001CC07 /* SfMJob.swift in Sources */,
				CC0001CC0001CC08 /* SfMProgressTracker.swift in Sources */,
				CC0001CC0001CC09 /* SfMJobSetupView.swift in Sources */,
				CC0001CC0001CC10 /* SfMJobRowView.swift in Sources */,
				CC0001CC0001CC11 /* COLMAPStatusView.swift in Sources */,
			);
			runOnlyForDeploymentPostprocessing = 0;
		};
/* End PBXSourcesBuildPhase section */

/* Begin XCBuildConfiguration section */
		F974D1222BE0484700EFACBA /* Debug */ = {
			isa = XCBuildConfiguration;
			baseConfigurationReference = 79ACD3BEE87FD0408B1A71F5 /* SampleCode.xcconfig */;
			buildSettings = {
				ALWAYS_SEARCH_USER_PATHS = NO;
				ASSETCATALOG_COMPILER_GENERATE_SWIFT_ASSET_SYMBOL_EXTENSIONS = YES;
				CLANG_ANALYZER_NONNULL = YES;
				CLANG_ANALYZER_NUMBER_OBJECT_CONVERSION = YES_AGGRESSIVE;
				CLANG_CXX_LANGUAGE_STANDARD = "gnu++20";
				CLANG_ENABLE_MODULES = YES;
				CLANG_ENABLE_OBJC_ARC = YES;
				CLANG_ENABLE_OBJC_WEAK = YES;
				CLANG_WARN_BLOCK_CAPTURE_AUTORELEASING = YES;
				CLANG_WARN_BOOL_CONVERSION = YES;
				CLANG_WARN_COMMA = YES;
				CLANG_WARN_CONSTANT_CONVERSION = YES;
				CLANG_WARN_DEPRECATED_OBJC_IMPLEMENTATIONS = YES;
				CLANG_WARN_DIRECT_OBJC_ISA_USAGE = YES_ERROR;
				CLANG_WARN_DOCUMENTATION_COMMENTS = YES;
				CLANG_WARN_EMPTY_BODY = YES;
				CLANG_WARN_ENUM_CONVERSION = YES;
				CLANG_WARN_INFINITE_RECURSION = YES;
				CLANG_WARN_INT_CONVERSION = YES;
				CLANG_WARN_NON_LITERAL_NULL_CONVERSION = YES;
				CLANG_WARN_OBJC_IMPLICIT_RETAIN_SELF = YES;
				CLANG_WARN_OBJC_LITERAL_CONVERSION = YES;
				CLANG_WARN_OBJC_ROOT_CLASS = YES_ERROR;
				CLANG_WARN_QUOTED_INCLUDE_IN_FRAMEWORK_HEADER = YES;
				CLANG_WARN_RANGE_LOOP_ANALYSIS = YES;
				CLANG_WARN_STRICT_PROTOTYPES = YES;
				CLANG_WARN_SUSPICIOUS_MOVE = YES;
				CLANG_WARN_UNGUARDED_AVAILABILITY = YES_AGGRESSIVE;
				CLANG_WARN_UNREACHABLE_CODE = YES;
				CLANG_WARN__DUPLICATE_METHOD_MATCH = YES;
				COPY_PHASE_STRIP = NO;
				DEBUG_INFORMATION_FORMAT = dwarf;
				ENABLE_STRICT_OBJC_MSGSEND = YES;
				ENABLE_TESTABILITY = YES;
				ENABLE_USER_SCRIPT_SANDBOXING = YES;
				GCC_C_LANGUAGE_STANDARD = gnu17;
				GCC_DYNAMIC_NO_PIC = NO;
				GCC_NO_COMMON_BLOCKS = YES;
				GCC_OPTIMIZATION_LEVEL = 0;
				GCC_PREPROCESSOR_DEFINITIONS = (
					"DEBUG=1",
					"$(inherited)",
				);
				GCC_WARN_64_TO_32_BIT_CONVERSION = YES;
				GCC_WARN_ABOUT_RETURN_TYPE = YES_ERROR;
				GCC_WARN_UNDECLARED_SELECTOR = YES;
				GCC_WARN_UNINITIALIZED_AUTOS = YES_AGGRESSIVE;
				GCC_WARN_UNUSED_FUNCTION = YES;
				GCC_WARN_UNUSED_VARIABLE = YES;
				IPHONEOS_DEPLOYMENT_TARGET = 18.0;
				LOCALIZATION_PREFERS_STRING_CATALOGS = YES;
				MTL_ENABLE_DEBUG_INFO = INCLUDE_SOURCE;
				MTL_FAST_MATH = YES;
				ONLY_ACTIVE_ARCH = YES;
				SDKROOT = macosx15.0;
				SWIFT_ACTIVE_COMPILATION_CONDITIONS = "DEBUG $(inherited)";
				SWIFT_OPTIMIZATION_LEVEL = "-Onone";
			};
			name = Debug;
		};
		F974D1232BE0484700EFACBA /* Release */ = {
			isa = XCBuildConfiguration;
			baseConfigurationReference = 79ACD3BEE87FD0408B1A71F5 /* SampleCode.xcconfig */;
			buildSettings = {
				ALWAYS_SEARCH_USER_PATHS = NO;
				ASSETCATALOG_COMPILER_GENERATE_SWIFT_ASSET_SYMBOL_EXTENSIONS = YES;
				CLANG_ANALYZER_NONNULL = YES;
				CLANG_ANALYZER_NUMBER_OBJECT_CONVERSION = YES_AGGRESSIVE;
				CLANG_CXX_LANGUAGE_STANDARD = "gnu++20";
				CLANG_ENABLE_MODULES = YES;
				CLANG_ENABLE_OBJC_ARC = YES;
				CLANG_ENABLE_OBJC_WEAK = YES;
				CLANG_WARN_BLOCK_CAPTURE_AUTORELEASING = YES;
				CLANG_WARN_BOOL_CONVERSION = YES;
				CLANG_WARN_COMMA = YES;
				CLANG_WARN_CONSTANT_CONVERSION = YES;
				CLANG_WARN_DEPRECATED_OBJC_IMPLEMENTATIONS = YES;
				CLANG_WARN_DIRECT_OBJC_ISA_USAGE = YES_ERROR;
				CLANG_WARN_DOCUMENTATION_COMMENTS = YES;
				CLANG_WARN_EMPTY_BODY = YES;
				CLANG_WARN_ENUM_CONVERSION = YES;
				CLANG_WARN_INFINITE_RECURSION = YES;
				CLANG_WARN_INT_CONVERSION = YES;
				CLANG_WARN_NON_LITERAL_NULL_CONVERSION = YES;
				CLANG_WARN_OBJC_IMPLICIT_RETAIN_SELF = YES;
				CLANG_WARN_OBJC_LITERAL_CONVERSION = YES;
				CLANG_WARN_OBJC_ROOT_CLASS = YES_ERROR;
				CLANG_WARN_QUOTED_INCLUDE_IN_FRAMEWORK_HEADER = YES;
				CLANG_WARN_RANGE_LOOP_ANALYSIS = YES;
				CLANG_WARN_STRICT_PROTOTYPES = YES;
				CLANG_WARN_SUSPICIOUS_MOVE = YES;
				CLANG_WARN_UNGUARDED_AVAILABILITY = YES_AGGRESSIVE;
				CLANG_WARN_UNREACHABLE_CODE = YES;
				CLANG_WARN__DUPLICATE_METHOD_MATCH = YES;
				COPY_PHASE_STRIP = NO;
				DEBUG_INFORMATION_FORMAT = "dwarf-with-dsym";
				ENABLE_NS_ASSERTIONS = NO;
				ENABLE_STRICT_OBJC_MSGSEND = YES;
				ENABLE_USER_SCRIPT_SANDBOXING = YES;
				GCC_C_LANGUAGE_STANDARD = gnu17;
				GCC_NO_COMMON_BLOCKS = YES;
				GCC_WARN_64_TO_32_BIT_CONVERSION = YES;
				GCC_WARN_ABOUT_RETURN_TYPE = YES_ERROR;
				GCC_WARN_UNDECLARED_SELECTOR = YES;
				GCC_WARN_UNINITIALIZED_AUTOS = YES_AGGRESSIVE;
				GCC_WARN_UNUSED_FUNCTION = YES;
				GCC_WARN_UNUSED_VARIABLE = YES;
				IPHONEOS_DEPLOYMENT_TARGET = 18.0;
				LOCALIZATION_PREFERS_STRING_CATALOGS = YES;
				MTL_ENABLE_DEBUG_INFO = NO;
				MTL_FAST_MATH = YES;
				SDKROOT = macosx15.0;
				SWIFT_COMPILATION_MODE = wholemodule;
				VALIDATE_PRODUCT = YES;
			};
			name = Release;
		};
		F974D1252BE0484700EFACBA /* Debug */ = {
			isa = XCBuildConfiguration;
			baseConfigurationReference = 79ACD3BEE87FD0408B1A71F5 /* SampleCode.xcconfig */;
			buildSettings = {
				ASSETCATALOG_COMPILER_APPICON_NAME = AppIcon;
				ASSETCATALOG_COMPILER_GLOBAL_ACCENT_COLOR_NAME = AccentColor;
				"CODE_SIGN_IDENTITY[sdk=macosx*]" = "-";
				CODE_SIGN_STYLE = Automatic;
				CURRENT_PROJECT_VERSION = 1;
				DEVELOPMENT_TEAM = "";
				ENABLE_PREVIEWS = YES;
				ENABLE_USER_SCRIPT_SANDBOXING = YES;
				GENERATE_INFOPLIST_FILE = YES;
				INFOPLIST_KEY_UIApplicationSceneManifest_Generation = YES;
				INFOPLIST_KEY_UIApplicationSupportsIndirectInputEvents = YES;
				INFOPLIST_KEY_UILaunchScreen_Generation = YES;
				INFOPLIST_KEY_UISupportedInterfaceOrientations_iPad = "UIInterfaceOrientationPortrait UIInterfaceOrientationPortraitUpsideDown UIInterfaceOrientationLandscapeLeft UIInterfaceOrientationLandscapeRight";
				INFOPLIST_KEY_UISupportedInterfaceOrientations_iPhone = "UIInterfaceOrientationPortrait UIInterfaceOrientationLandscapeLeft UIInterfaceOrientationLandscapeRight";
				LD_RUNPATH_SEARCH_PATHS = (
					"$(inherited)",
					"@executable_path/Frameworks",
				);
				MARKETING_VERSION = 1.0;
				PRODUCT_BUNDLE_IDENTIFIER = "com.realitypulse.app${SAMPLE_CODE_DISAMBIGUATOR}";
				PRODUCT_NAME = "Reality Pulse";
				PROVISIONING_PROFILE_SPECIFIER = "";
				SDKROOT = macosx;
				SUPPORTED_PLATFORMS = macosx;
				SUPPORTS_MACCATALYST = NO;
				SUPPORTS_MAC_DESIGNED_FOR_IPHONE_IPAD = NO;
				SWIFT_EMIT_LOC_STRINGS = YES;
				SWIFT_VERSION = 5.0;
				TARGETED_DEVICE_FAMILY = 6;
			};
			name = Debug;
		};
		F974D1262BE0484700EFACBA /* Release */ = {
			isa = XCBuildConfiguration;
			baseConfigurationReference = 79ACD3BEE87FD0408B1A71F5 /* SampleCode.xcconfig */;
			buildSettings = {
				ASSETCATALOG_COMPILER_APPICON_NAME = AppIcon;
				ASSETCATALOG_COMPILER_GLOBAL_ACCENT_COLOR_NAME = AccentColor;
				"CODE_SIGN_IDENTITY[sdk=macosx*]" = "-";
				CODE_SIGN_STYLE = Automatic;
				CURRENT_PROJECT_VERSION = 1;
				DEVELOPMENT_TEAM = "";
				ENABLE_PREVIEWS = YES;
				ENABLE_USER_SCRIPT_SANDBOXING = YES;
				GENERATE_INFOPLIST_FILE = YES;
				INFOPLIST_KEY_UIApplicationSceneManifest_Generation = YES;
				INFOPLIST_KEY_UIApplicationSupportsIndirectInputEvents = YES;
				INFOPLIST_KEY_UILaunchScreen_Generation = YES;
				INFOPLIST_KEY_UISupportedInterfaceOrientations_iPad = "UIInterfaceOrientationPortrait UIInterfaceOrientationPortraitUpsideDown UIInterfaceOrientationLandscapeLeft UIInterfaceOrientationLandscapeRight";
				INFOPLIST_KEY_UISupportedInterfaceOrientations_iPhone = "UIInterfaceOrientationPortrait UIInterfaceOrientationLandscapeLeft UIInterfaceOrientationLandscapeRight";
				LD_RUNPATH_SEARCH_PATHS = (
					"$(inherited)",
					"@executable_path/Frameworks",
				);
				MARKETING_VERSION = 1.0;
				PRODUCT_BUNDLE_IDENTIFIER = "com.realitypulse.app${SAMPLE_CODE_DISAMBIGUATOR}";
				PRODUCT_NAME = "Reality Pulse";
				PROVISIONING_PROFILE_SPECIFIER = "";
				SDKROOT = macosx;
				SUPPORTED_PLATFORMS = macosx;
				SUPPORTS_MACCATALYST = NO;
				SUPPORTS_MAC_DESIGNED_FOR_IPHONE_IPAD = NO;
				SWIFT_EMIT_LOC_STRINGS = YES;
				SWIFT_VERSION = 5.0;
				TARGETED_DEVICE_FAMILY = 6;
			};
			name = Release;
		};
/* End XCBuildConfiguration section */

/* Begin XCConfigurationList section */
		F974D1112BE0484500EFACBA /* Build configuration list for PBXProject "ObjectCaptureReconstruction" */ = {
			isa = XCConfigurationList;
			buildConfigurations = (
				F974D1222BE0484700EFACBA /* Debug */,
				F974D1232BE0484700EFACBA /* Release */,
			);
			defaultConfigurationIsVisible = 0;
			defaultConfigurationName = Release;
		};
		F974D1242BE0484700EFACBA /* Build configuration list for PBXNativeTarget "ObjectCaptureReconstruction" */ = {
			isa = XCConfigurationList;
			buildConfigurations = (
				F974D1252BE0484700EFACBA /* Debug */,
				F974D1262BE0484700EFACBA /* Release */,
			);
			defaultConfigurationIsVisible = 0;
			defaultConfigurationName = Release;
		};
/* End XCConfigurationList section */
	};
	rootObject = F974D10E2BE0484500EFACBA /* Project object */;
}
